{
  "name": "mcp-cf-agent",
  "version": "0.0.0",
  "lockfileVersion": 3,
  "requires": true,
  "packages": {
    "": {
      "name": "mcp-cf-agent",
      "dependencies": {
        "@cloudflare/agents": "latest"
      }
    },
    "node_modules/@cloudflare/agents": {
      "version": "0.0.16",
      "resolved": "https://registry.npmjs.org/@cloudflare/agents/-/agents-0.0.16.tgz",
      "integrity": "sha512-7xx7b60Z0PA7V2NRcxl+iHgT82B8At0RIigW5/yW1sKNDDhY23SgD/E+cFWMGzGcvoYHwlhmx34JIB2o1VRc3Q==",
      "deprecated": "This package has been renamed to agents-sdk",
      "license": "ISC",
      "dependencies": {
        "cron-schedule": "^5.0.4",
        "nanoid": "^5.1.0",
        "partyserver": "^0.0.64",
        "partysocket": "0.0.0-548c226"
      }
    },
    "node_modules/@cloudflare/agents/node_modules/nanoid": {
      "version": "5.1.6",
      "resolved": "https://registry.npmjs.org/nanoid/-/nanoid-5.1.6.tgz",
      "integrity": "sha512-c7+7RQ+dMB5dPwwCp4ee1/iV/q2P6aK1mTZcfr1BTuVlyW9hJYiMPybJCcnBlQtuSmTIWNeazm/zqNoZSSElBg==",
      "funding": [
        {
          "type": "github",
          "url": "https://github.com/sponsors/ai"
        }
      ],
      "license": "MIT",
      "bin": {
        "nanoid": "bin/nanoid.js"
      },
      "engines": {
        "node": "^18 || >=20"
      }
    },
    "node_modules/@cloudflare/workers-types": {
      "version": "4.20251008.0",
      "resolved": "https://registry.npmjs.org/@cloudflare/workers-types/-/workers-types-4.20251008.0.tgz",
      "integrity": "sha512-dZLkO4PbCL0qcCSKzuW7KE4GYe49lI12LCfQ5y9XeSwgYBoAUbwH4gmJ6A0qUIURiTJTkGkRkhVPqpq2XNgYRA==",
      "license": "MIT OR Apache-2.0",
      "peer": true
    },
    "node_modules/cron-schedule": {
      "version": "5.0.4",
      "resolved": "https://registry.npmjs.org/cron-schedule/-/cron-schedule-5.0.4.tgz",
      "integrity": "sha512-nH0a49E/kSVk6BeFgKZy4uUsy6D2A16p120h5bYD9ILBhQu7o2sJFH+WI4R731TSBQ0dB1Ik7inB/dRAB4C8QQ==",
      "license": "MIT",
      "engines": {
        "node": ">=18"
      }
    },
    "node_modules/event-target-shim": {
      "version": "6.0.2",
      "resolved": "https://registry.npmjs.org/event-target-shim/-/event-target-shim-6.0.2.tgz",
      "integrity": "sha512-8q3LsZjRezbFZ2PN+uP+Q7pnHUMmAOziU2vA2OwoFaKIXxlxl38IylhSSgUorWu/rf4er67w0ikBqjBFk/pomA==",
      "license": "MIT",
      "engines": {
        "node": ">=10.13.0"
      },
      "funding": {
        "url": "https://github.com/sponsors/mysticatea"
      }
    },
    "node_modules/partyserver": {
      "version": "0.0.64",
      "resolved": "https://registry.npmjs.org/partyserver/-/partyserver-0.0.64.tgz",
      "integrity": "sha512-DuEdsGt2kvss6+P517PRY0PgW/C6v3hQaF2XaVCx0ZmLVSAcsYhDjurHvIFwh5Q1Hp5pJ8vvFAEXvfKEZw8Q8Q==",
      "license": "ISC",
      "dependencies": {
        "nanoid": "^5.0.9"
      },
      "peerDependencies": {
        "@cloudflare/workers-types": "^4.20240729.0"
      }
    },
    "node_modules/partyserver/node_modules/nanoid": {
      "version": "5.1.6",
      "resolved": "https://registry.npmjs.org/nanoid/-/nanoid-5.1.6.tgz",
      "integrity": "sha512-c7+7RQ+dMB5dPwwCp4ee1/iV/q2P6aK1mTZcfr1BTuVlyW9hJYiMPybJCcnBlQtuSmTIWNeazm/zqNoZSSElBg==",
      "funding": [
        {
          "type": "github",
          "url": "https://github.com/sponsors/ai"
        }
      ],
      "license": "MIT",
      "bin": {
        "nanoid": "bin/nanoid.js"
      },
      "engines": {
        "node": "^18 || >=20"
      }
    },
    "node_modules/partysocket": {
      "version": "0.0.0-548c226",
      "resolved": "https://registry.npmjs.org/partysocket/-/partysocket-0.0.0-548c226.tgz",
      "integrity": "sha512-sPY8fFu+Y6um9E2K9Hf2s1UFm9JD+sg5bawJZGX/NZG8ZW/ZkQ6XP1uDlfXqdCFg8FwTM4BojKuIZfKHf31n3g==",
      "license": "ISC",
      "dependencies": {
        "event-target-shim": "^6.0.2"
      }
    }
  }
}
